// !$*UTF8*$!
{
	archiveVersion = 1;
	classes = {
	};
	objectVersion = 56;
	objects = {

/* Begin PBXBuildFile section */
		CA5252F82B161B66000498B5 /* ProfileThreadFilter.swift in Sources */ = {isa = PBXBuildFile; fileRef = CA5252F72B161B66000498B5 /* ProfileThreadFilter.swift */; };
		CA5252FC2B164023000498B5 /* EditProfileView.swift in Sources */ = {isa = PBXBuildFile; fileRef = CA5252FB2B164023000498B5 /* EditProfileView.swift */; };
		CA688C812B18A02800B5300C /* ContentViewModel.swift in Sources */ = {isa = PBXBuildFile; fileRef = CA688C802B18A02800B5300C /* ContentViewModel.swift */; };
		CAAA10632B166F4300F17849 /* GoogleService-Info.plist in Resources */ = {isa = PBXBuildFile; fileRef = CAAA10622B166F4300F17849 /* GoogleService-Info.plist */; };
		CAAA10662B16708A00F17849 /* FirebaseAuth in Frameworks */ = {isa = PBXBuildFile; productRef = CAAA10652B16708A00F17849 /* FirebaseAuth */; };
		CAAA10682B16708A00F17849 /* FirebaseFirestore in Frameworks */ = {isa = PBXBuildFile; productRef = CAAA10672B16708A00F17849 /* FirebaseFirestore */; };
		CAAA106A2B16708A00F17849 /* FirebaseFirestoreSwift in Frameworks */ = {isa = PBXBuildFile; productRef = CAAA10692B16708A00F17849 /* FirebaseFirestoreSwift */; };
		CAAA106C2B16708A00F17849 /* FirebaseFunctions in Frameworks */ = {isa = PBXBuildFile; productRef = CAAA106B2B16708A00F17849 /* FirebaseFunctions */; };
		CAAA106E2B16708A00F17849 /* FirebaseStorage in Frameworks */ = {isa = PBXBuildFile; productRef = CAAA106D2B16708A00F17849 /* FirebaseStorage */; };
		CAAA10712B1674E800F17849 /* RegistrationViewModel.swift in Sources */ = {isa = PBXBuildFile; fileRef = CAAA10702B1674E800F17849 /* RegistrationViewModel.swift */; };
		CAAA10732B16766200F17849 /* AuthService.swift in Sources */ = {isa = PBXBuildFile; fileRef = CAAA10722B16766200F17849 /* AuthService.swift */; };
		CAD160362B14AB41000093F9 /* threadApp.swift in Sources */ = {isa = PBXBuildFile; fileRef = CAD160352B14AB41000093F9 /* threadApp.swift */; };
		CAD160382B14AB41000093F9 /* ContentView.swift in Sources */ = {isa = PBXBuildFile; fileRef = CAD160372B14AB41000093F9 /* ContentView.swift */; };
		CAD1603A2B14AB42000093F9 /* Assets.xcassets in Resources */ = {isa = PBXBuildFile; fileRef = CAD160392B14AB42000093F9 /* Assets.xcassets */; };
		CAD1603D2B14AB42000093F9 /* Preview Assets.xcassets in Resources */ = {isa = PBXBuildFile; fileRef = CAD1603C2B14AB42000093F9 /* Preview Assets.xcassets */; };
		CAD160472B14AB42000093F9 /* threadTests.swift in Sources */ = {isa = PBXBuildFile; fileRef = CAD160462B14AB42000093F9 /* threadTests.swift */; };
		CAD160512B14AB42000093F9 /* threadUITests.swift in Sources */ = {isa = PBXBuildFile; fileRef = CAD160502B14AB42000093F9 /* threadUITests.swift */; };
		CAD160532B14AB42000093F9 /* threadUITestsLaunchTests.swift in Sources */ = {isa = PBXBuildFile; fileRef = CAD160522B14AB42000093F9 /* threadUITestsLaunchTests.swift */; };
		CAD160692B14AC94000093F9 /* LoginView.swift in Sources */ = {isa = PBXBuildFile; fileRef = CAD160682B14AC94000093F9 /* LoginView.swift */; };
		CAD1606B2B14B3AF000093F9 /* RegistrationView.swift in Sources */ = {isa = PBXBuildFile; fileRef = CAD1606A2B14B3AF000093F9 /* RegistrationView.swift */; };
		CAD1606D2B14B7E5000093F9 /* ThreadsTextFieldModifier.swift in Sources */ = {isa = PBXBuildFile; fileRef = CAD1606C2B14B7E5000093F9 /* ThreadsTextFieldModifier.swift */; };
		CAD1606F2B14B937000093F9 /* ThreadsButtonModifier.swift in Sources */ = {isa = PBXBuildFile; fileRef = CAD1606E2B14B936000093F9 /* ThreadsButtonModifier.swift */; };
		CAF5784B2B15396E0053AFA6 /* ThreadsTabView.swift in Sources */ = {isa = PBXBuildFile; fileRef = CAF5784A2B15396E0053AFA6 /* ThreadsTabView.swift */; };
		CAF5784E2B1540290053AFA6 /* FeedView.swift in Sources */ = {isa = PBXBuildFile; fileRef = CAF5784D2B1540290053AFA6 /* FeedView.swift */; };
		CAF578532B1540B30053AFA6 /* ExploreView.swift in Sources */ = {isa = PBXBuildFile; fileRef = CAF578522B1540B30053AFA6 /* ExploreView.swift */; };
		CAF578572B1540DE0053AFA6 /* CreateThreadView.swift in Sources */ = {isa = PBXBuildFile; fileRef = CAF578562B1540DE0053AFA6 /* CreateThreadView.swift */; };
		CAF5785B2B1541150053AFA6 /* ActivityView.swift in Sources */ = {isa = PBXBuildFile; fileRef = CAF5785A2B1541150053AFA6 /* ActivityView.swift */; };
		CAF5785F2B15412D0053AFA6 /* ProfileView.swift in Sources */ = {isa = PBXBuildFile; fileRef = CAF5785E2B15412D0053AFA6 /* ProfileView.swift */; };
		CAF578612B1545A80053AFA6 /* ThreadCell.swift in Sources */ = {isa = PBXBuildFile; fileRef = CAF578602B1545A80053AFA6 /* ThreadCell.swift */; };
		CAF578642B1551C50053AFA6 /* CircularProfileImageView.swift in Sources */ = {isa = PBXBuildFile; fileRef = CAF578632B1551C50053AFA6 /* CircularProfileImageView.swift */; };
		CAF578662B1552840053AFA6 /* UserCell.swift in Sources */ = {isa = PBXBuildFile; fileRef = CAF578652B1552840053AFA6 /* UserCell.swift */; };
/* End PBXBuildFile section */

/* Begin PBXContainerItemProxy section */
		CAD160432B14AB42000093F9 /* PBXContainerItemProxy */ = {
			isa = PBXContainerItemProxy;
			containerPortal = CAD1602A2B14AB41000093F9 /* Project object */;
			proxyType = 1;
			remoteGlobalIDString = CAD160312B14AB41000093F9;
			remoteInfo = thread;
		};
		CAD1604D2B14AB42000093F9 /* PBXContainerItemProxy */ = {
			isa = PBXContainerItemProxy;
			containerPortal = CAD1602A2B14AB41000093F9 /* Project object */;
			proxyType = 1;
			remoteGlobalIDString = CAD160312B14AB41000093F9;
			remoteInfo = thread;
		};
/* End PBXContainerItemProxy section */

/* Begin PBXFileReference section */
		CA5252F72B161B66000498B5 /* ProfileThreadFilter.swift */ = {isa = PBXFileReference; lastKnownFileType = sourcecode.swift; path = ProfileThreadFilter.swift; sourceTree = "<group>"; };
		CA5252FB2B164023000498B5 /* EditProfileView.swift */ = {isa = PBXFileReference; lastKnownFileType = sourcecode.swift; path = EditProfileView.swift; sourceTree = "<group>"; };
		CA688C802B18A02800B5300C /* ContentViewModel.swift */ = {isa = PBXFileReference; lastKnownFileType = sourcecode.swift; path = ContentViewModel.swift; sourceTree = "<group>"; };
		CAAA10622B166F4300F17849 /* GoogleService-Info.plist */ = {isa = PBXFileReference; fileEncoding = 4; lastKnownFileType = text.plist.xml; path = "GoogleService-Info.plist"; sourceTree = "<group>"; };
		CAAA10702B1674E800F17849 /* RegistrationViewModel.swift */ = {isa = PBXFileReference; lastKnownFileType = sourcecode.swift; path = RegistrationViewModel.swift; sourceTree = "<group>"; };
		CAAA10722B16766200F17849 /* AuthService.swift */ = {isa = PBXFileReference; lastKnownFileType = sourcecode.swift; path = AuthService.swift; sourceTree = "<group>"; };
		CAD160322B14AB41000093F9 /* thread.app */ = {isa = PBXFileReference; explicitFileType = wrapper.application; includeInIndex = 0; path = thread.app; sourceTree = BUILT_PRODUCTS_DIR; };
		CAD160352B14AB41000093F9 /* threadApp.swift */ = {isa = PBXFileReference; lastKnownFileType = sourcecode.swift; path = threadApp.swift; sourceTree = "<group>"; };
		CAD160372B14AB41000093F9 /* ContentView.swift */ = {isa = PBXFileReference; lastKnownFileType = sourcecode.swift; path = ContentView.swift; sourceTree = "<group>"; };
		CAD160392B14AB42000093F9 /* Assets.xcassets */ = {isa = PBXFileReference; lastKnownFileType = folder.assetcatalog; path = Assets.xcassets; sourceTree = "<group>"; };
		CAD1603C2B14AB42000093F9 /* Preview Assets.xcassets */ = {isa = PBXFileReference; lastKnownFileType = folder.assetcatalog; path = "Preview Assets.xcassets"; sourceTree = "<group>"; };
		CAD160422B14AB42000093F9 /* threadTests.xctest */ = {isa = PBXFileReference; explicitFileType = wrapper.cfbundle; includeInIndex = 0; path = threadTests.xctest; sourceTree = BUILT_PRODUCTS_DIR; };
		CAD160462B14AB42000093F9 /* threadTests.swift */ = {isa = PBXFileReference; lastKnownFileType = sourcecode.swift; path = threadTests.swift; sourceTree = "<group>"; };
		CAD1604C2B14AB42000093F9 /* threadUITests.xctest */ = {isa = PBXFileReference; explicitFileType = wrapper.cfbundle; includeInIndex = 0; path = threadUITests.xctest; sourceTree = BUILT_PRODUCTS_DIR; };
		CAD160502B14AB42000093F9 /* threadUITests.swift */ = {isa = PBXFileReference; lastKnownFileType = sourcecode.swift; path = threadUITests.swift; sourceTree = "<group>"; };
		CAD160522B14AB42000093F9 /* threadUITestsLaunchTests.swift */ = {isa = PBXFileReference; lastKnownFileType = sourcecode.swift; path = threadUITestsLaunchTests.swift; sourceTree = "<group>"; };
		CAD160682B14AC94000093F9 /* LoginView.swift */ = {isa = PBXFileReference; lastKnownFileType = sourcecode.swift; path = LoginView.swift; sourceTree = "<group>"; };
		CAD1606A2B14B3AF000093F9 /* RegistrationView.swift */ = {isa = PBXFileReference; lastKnownFileType = sourcecode.swift; path = RegistrationView.swift; sourceTree = "<group>"; };
		CAD1606C2B14B7E5000093F9 /* ThreadsTextFieldModifier.swift */ = {isa = PBXFileReference; lastKnownFileType = sourcecode.swift; path = ThreadsTextFieldModifier.swift; sourceTree = "<group>"; };
		CAD1606E2B14B936000093F9 /* ThreadsButtonModifier.swift */ = {isa = PBXFileReference; lastKnownFileType = sourcecode.swift; path = ThreadsButtonModifier.swift; sourceTree = "<group>"; };
		CAF5784A2B15396E0053AFA6 /* ThreadsTabView.swift */ = {isa = PBXFileReference; lastKnownFileType = sourcecode.swift; path = ThreadsTabView.swift; sourceTree = "<group>"; };
		CAF5784D2B1540290053AFA6 /* FeedView.swift */ = {isa = PBXFileReference; lastKnownFileType = sourcecode.swift; path = FeedView.swift; sourceTree = "<group>"; };
		CAF578522B1540B30053AFA6 /* ExploreView.swift */ = {isa = PBXFileReference; lastKnownFileType = sourcecode.swift; path = ExploreView.swift; sourceTree = "<group>"; };
		CAF578562B1540DE0053AFA6 /* CreateThreadView.swift */ = {isa = PBXFileReference; lastKnownFileType = sourcecode.swift; path = CreateThreadView.swift; sourceTree = "<group>"; };
		CAF5785A2B1541150053AFA6 /* ActivityView.swift */ = {isa = PBXFileReference; lastKnownFileType = sourcecode.swift; path = ActivityView.swift; sourceTree = "<group>"; };
		CAF5785E2B15412D0053AFA6 /* ProfileView.swift */ = {isa = PBXFileReference; lastKnownFileType = sourcecode.swift; path = ProfileView.swift; sourceTree = "<group>"; };
		CAF578602B1545A80053AFA6 /* ThreadCell.swift */ = {isa = PBXFileReference; lastKnownFileType = sourcecode.swift; path = ThreadCell.swift; sourceTree = "<group>"; };
		CAF578632B1551C50053AFA6 /* CircularProfileImageView.swift */ = {isa = PBXFileReference; lastKnownFileType = sourcecode.swift; path = CircularProfileImageView.swift; sourceTree = "<group>"; };
		CAF578652B1552840053AFA6 /* UserCell.swift */ = {isa = PBXFileReference; lastKnownFileType = sourcecode.swift; path = UserCell.swift; sourceTree = "<group>"; };
/* End PBXFileReference section */

/* Begin PBXFrameworksBuildPhase section */
		CAD1602F2B14AB41000093F9 /* Frameworks */ = {
			isa = PBXFrameworksBuildPhase;
			buildActionMask = 2147483647;
			files = (
				CAAA10662B16708A00F17849 /* FirebaseAuth in Frameworks */,
				CAAA10682B16708A00F17849 /* FirebaseFirestore in Frameworks */,
				CAAA106A2B16708A00F17849 /* FirebaseFirestoreSwift in Frameworks */,
				CAAA106E2B16708A00F17849 /* FirebaseStorage in Frameworks */,
				CAAA106C2B16708A00F17849 /* FirebaseFunctions in Frameworks */,
			);
			runOnlyForDeploymentPostprocessing = 0;
		};
		CAD1603F2B14AB42000093F9 /* Frameworks */ = {
			isa = PBXFrameworksBuildPhase;
			buildActionMask = 2147483647;
			files = (
			);
			runOnlyForDeploymentPostprocessing = 0;
		};
		CAD160492B14AB42000093F9 /* Frameworks */ = {
			isa = PBXFrameworksBuildPhase;
			buildActionMask = 2147483647;
			files = (
			);
			runOnlyForDeploymentPostprocessing = 0;
		};
/* End PBXFrameworksBuildPhase section */

/* Begin PBXGroup section */
		CA5252F62B161B53000498B5 /* Model */ = {
			isa = PBXGroup;
			children = (
				CA5252F72B161B66000498B5 /* ProfileThreadFilter.swift */,
			);
			path = Model;
			sourceTree = "<group>";
		};
		CA5252F92B164009000498B5 /* EditProfile */ = {
			isa = PBXGroup;
			children = (
				CA5252FA2B164012000498B5 /* View */,
			);
			path = EditProfile;
			sourceTree = "<group>";
		};
		CA5252FA2B164012000498B5 /* View */ = {
			isa = PBXGroup;
			children = (
				CA5252FB2B164023000498B5 /* EditProfileView.swift */,
			);
			path = View;
			sourceTree = "<group>";
		};
		CA688C7E2B18A00700B5300C /* View */ = {
			isa = PBXGroup;
			children = (
			);
			path = View;
			sourceTree = "<group>";
		};
		CA688C7F2B18A00C00B5300C /* ViewModel */ = {
			isa = PBXGroup;
			children = (
				CA688C802B18A02800B5300C /* ContentViewModel.swift */,
			);
			path = ViewModel;
			sourceTree = "<group>";
		};
		CAAA106F2B1674C800F17849 /* ViewModel */ = {
			isa = PBXGroup;
			children = (
				CAAA10702B1674E800F17849 /* RegistrationViewModel.swift */,
			);
			path = ViewModel;
			sourceTree = "<group>";
		};
		CAD160292B14AB41000093F9 = {
			isa = PBXGroup;
			children = (
				CAD160342B14AB41000093F9 /* thread */,
				CAD160452B14AB42000093F9 /* threadTests */,
				CAD1604F2B14AB42000093F9 /* threadUITests */,
				CAD160332B14AB41000093F9 /* Products */,
			);
			sourceTree = "<group>";
		};
		CAD160332B14AB41000093F9 /* Products */ = {
			isa = PBXGroup;
			children = (
				CAD160322B14AB41000093F9 /* thread.app */,
				CAD160422B14AB42000093F9 /* threadTests.xctest */,
				CAD1604C2B14AB42000093F9 /* threadUITests.xctest */,
			);
			name = Products;
			sourceTree = "<group>";
		};
		CAD160342B14AB41000093F9 /* thread */ = {
			isa = PBXGroup;
			children = (
				CAD160642B14AB87000093F9 /* App */,
				CAD160632B14AB83000093F9 /* Core */,
				CAD160622B14AB7F000093F9 /* Extensions */,
				CAD160612B14AB7C000093F9 /* Model */,
				CAD160602B14AB79000093F9 /* Services */,
				CAD1605F2B14AB6E000093F9 /* Utils */,
				CAD160392B14AB42000093F9 /* Assets.xcassets */,
				CAAA10622B166F4300F17849 /* GoogleService-Info.plist */,
				CAD1603B2B14AB42000093F9 /* Preview Content */,
			);
			path = thread;
			sourceTree = "<group>";
		};
		CAD1603B2B14AB42000093F9 /* Preview Content */ = {
			isa = PBXGroup;
			children = (
				CAD1603C2B14AB42000093F9 /* Preview Assets.xcassets */,
			);
			path = "Preview Content";
			sourceTree = "<group>";
		};
		CAD160452B14AB42000093F9 /* threadTests */ = {
			isa = PBXGroup;
			children = (
				CAD160462B14AB42000093F9 /* threadTests.swift */,
			);
			path = threadTests;
			sourceTree = "<group>";
		};
		CAD1604F2B14AB42000093F9 /* threadUITests */ = {
			isa = PBXGroup;
			children = (
				CAD160502B14AB42000093F9 /* threadUITests.swift */,
				CAD160522B14AB42000093F9 /* threadUITestsLaunchTests.swift */,
			);
			path = threadUITests;
			sourceTree = "<group>";
		};
		CAD1605F2B14AB6E000093F9 /* Utils */ = {
			isa = PBXGroup;
			children = (
				CAD1606C2B14B7E5000093F9 /* ThreadsTextFieldModifier.swift */,
				CAD1606E2B14B936000093F9 /* ThreadsButtonModifier.swift */,
			);
			path = Utils;
			sourceTree = "<group>";
		};
		CAD160602B14AB79000093F9 /* Services */ = {
			isa = PBXGroup;
			children = (
				CAAA10722B16766200F17849 /* AuthService.swift */,
			);
			path = Services;
			sourceTree = "<group>";
		};
		CAD160612B14AB7C000093F9 /* Model */ = {
			isa = PBXGroup;
			children = (
			);
			path = Model;
			sourceTree = "<group>";
		};
		CAD160622B14AB7F000093F9 /* Extensions */ = {
			isa = PBXGroup;
			children = (
			);
			path = Extensions;
			sourceTree = "<group>";
		};
		CAD160632B14AB83000093F9 /* Core */ = {
			isa = PBXGroup;
			children = (
				CAF578622B1551B20053AFA6 /* Components */,
				CAF5785C2B15411B0053AFA6 /* Profile */,
				CAF578582B1540E50053AFA6 /* ActivityView */,
				CAF578542B1540C30053AFA6 /* ThreadCreation */,
				CAD160662B14ABFD000093F9 /* Authentication */,
				CAF578502B1540970053AFA6 /* Explore */,
				CAF5784C2B15400F0053AFA6 /* Feed */,
				CAD160652B14ABF9000093F9 /* Root */,
				CAF578492B15370E0053AFA6 /* TabBar */,
			);
			path = Core;
			sourceTree = "<group>";
		};
		CAD160642B14AB87000093F9 /* App */ = {
			isa = PBXGroup;
			children = (
				CAD160352B14AB41000093F9 /* threadApp.swift */,
			);
			path = App;
			sourceTree = "<group>";
		};
		CAD160652B14ABF9000093F9 /* Root */ = {
			isa = PBXGroup;
			children = (
				CA688C7F2B18A00C00B5300C /* ViewModel */,
				CA688C7E2B18A00700B5300C /* View */,
				CAD160372B14AB41000093F9 /* ContentView.swift */,
			);
			path = Root;
			sourceTree = "<group>";
		};
		CAD160662B14ABFD000093F9 /* Authentication */ = {
			isa = PBXGroup;
			children = (
				CAAA106F2B1674C800F17849 /* ViewModel */,
				CAD160672B14AC7B000093F9 /* Views */,
			);
			path = Authentication;
			sourceTree = "<group>";
		};
		CAD160672B14AC7B000093F9 /* Views */ = {
			isa = PBXGroup;
			children = (
				CAD160682B14AC94000093F9 /* LoginView.swift */,
				CAD1606A2B14B3AF000093F9 /* RegistrationView.swift */,
			);
			path = Views;
			sourceTree = "<group>";
		};
		CAF578492B15370E0053AFA6 /* TabBar */ = {
			isa = PBXGroup;
			children = (
				CAF5784A2B15396E0053AFA6 /* ThreadsTabView.swift */,
			);
			path = TabBar;
			sourceTree = "<group>";
		};
		CAF5784C2B15400F0053AFA6 /* Feed */ = {
			isa = PBXGroup;
			children = (
				CAF5784F2B1540360053AFA6 /* Views */,
			);
			path = Feed;
			sourceTree = "<group>";
		};
		CAF5784F2B1540360053AFA6 /* Views */ = {
			isa = PBXGroup;
			children = (
				CAF5784D2B1540290053AFA6 /* FeedView.swift */,
				CAF578602B1545A80053AFA6 /* ThreadCell.swift */,
			);
			path = Views;
			sourceTree = "<group>";
		};
		CAF578502B1540970053AFA6 /* Explore */ = {
			isa = PBXGroup;
			children = (
				CAF578512B1540A90053AFA6 /* View */,
			);
			path = Explore;
			sourceTree = "<group>";
		};
		CAF578512B1540A90053AFA6 /* View */ = {
			isa = PBXGroup;
			children = (
				CAF578522B1540B30053AFA6 /* ExploreView.swift */,
			);
			path = View;
			sourceTree = "<group>";
		};
		CAF578542B1540C30053AFA6 /* ThreadCreation */ = {
			isa = PBXGroup;
			children = (
				CAF578552B1540D00053AFA6 /* View */,
			);
			path = ThreadCreation;
			sourceTree = "<group>";
		};
		CAF578552B1540D00053AFA6 /* View */ = {
			isa = PBXGroup;
			children = (
				CAF578562B1540DE0053AFA6 /* CreateThreadView.swift */,
			);
			path = View;
			sourceTree = "<group>";
		};
		CAF578582B1540E50053AFA6 /* ActivityView */ = {
			isa = PBXGroup;
			children = (
				CAF578592B1541090053AFA6 /* View */,
			);
			path = ActivityView;
			sourceTree = "<group>";
		};
		CAF578592B1541090053AFA6 /* View */ = {
			isa = PBXGroup;
			children = (
				CAF5785A2B1541150053AFA6 /* ActivityView.swift */,
			);
			path = View;
			sourceTree = "<group>";
		};
		CAF5785C2B15411B0053AFA6 /* Profile */ = {
			isa = PBXGroup;
			children = (
				CA5252F92B164009000498B5 /* EditProfile */,
				CA5252F62B161B53000498B5 /* Model */,
				CAF5785D2B1541230053AFA6 /* View */,
			);
			path = Profile;
			sourceTree = "<group>";
		};
		CAF5785D2B1541230053AFA6 /* View */ = {
			isa = PBXGroup;
			children = (
				CAF5785E2B15412D0053AFA6 /* ProfileView.swift */,
			);
			path = View;
			sourceTree = "<group>";
		};
		CAF578622B1551B20053AFA6 /* Components */ = {
			isa = PBXGroup;
			children = (
				CAF578632B1551C50053AFA6 /* CircularProfileImageView.swift */,
				CAF578652B1552840053AFA6 /* UserCell.swift */,
			);
			path = Components;
			sourceTree = "<group>";
		};
/* End PBXGroup section */

/* Begin PBXNativeTarget section */
		CAD160312B14AB41000093F9 /* thread */ = {
			isa = PBXNativeTarget;
			buildConfigurationList = CAD160562B14AB42000093F9 /* Build configuration list for PBXNativeTarget "thread" */;
			buildPhases = (
				CAD1602E2B14AB41000093F9 /* Sources */,
				CAD1602F2B14AB41000093F9 /* Frameworks */,
				CAD160302B14AB41000093F9 /* Resources */,
			);
			buildRules = (
			);
			dependencies = (
			);
			name = thread;
			packageProductDependencies = (
				CAAA10652B16708A00F17849 /* FirebaseAuth */,
				CAAA10672B16708A00F17849 /* FirebaseFirestore */,
				CAAA10692B16708A00F17849 /* FirebaseFirestoreSwift */,
				CAAA106B2B16708A00F17849 /* FirebaseFunctions */,
				CAAA106D2B16708A00F17849 /* FirebaseStorage */,
			);
			productName = thread;
			productReference = CAD160322B14AB41000093F9 /* thread.app */;
			productType = "com.apple.product-type.application";
		};
		CAD160412B14AB42000093F9 /* threadTests */ = {
			isa = PBXNativeTarget;
			buildConfigurationList = CAD160592B14AB42000093F9 /* Build configuration list for PBXNativeTarget "threadTests" */;
			buildPhases = (
				CAD1603E2B14AB42000093F9 /* Sources */,
				CAD1603F2B14AB42000093F9 /* Frameworks */,
				CAD160402B14AB42000093F9 /* Resources */,
			);
			buildRules = (
			);
			dependencies = (
				CAD160442B14AB42000093F9 /* PBXTargetDependency */,
			);
			name = threadTests;
			productName = threadTests;
			productReference = CAD160422B14AB42000093F9 /* threadTests.xctest */;
			productType = "com.apple.product-type.bundle.unit-test";
		};
		CAD1604B2B14AB42000093F9 /* threadUITests */ = {
			isa = PBXNativeTarget;
			buildConfigurationList = CAD1605C2B14AB42000093F9 /* Build configuration list for PBXNativeTarget "threadUITests" */;
			buildPhases = (
				CAD160482B14AB42000093F9 /* Sources */,
				CAD160492B14AB42000093F9 /* Frameworks */,
				CAD1604A2B14AB42000093F9 /* Resources */,
			);
			buildRules = (
			);
			dependencies = (
				CAD1604E2B14AB42000093F9 /* PBXTargetDependency */,
			);
			name = threadUITests;
			productName = threadUITests;
			productReference = CAD1604C2B14AB42000093F9 /* threadUITests.xctest */;
			productType = "com.apple.product-type.bundle.ui-testing";
		};
/* End PBXNativeTarget section */

/* Begin PBXProject section */
		CAD1602A2B14AB41000093F9 /* Project object */ = {
			isa = PBXProject;
			attributes = {
				BuildIndependentTargetsInParallel = 1;
				LastSwiftUpdateCheck = 1500;
				LastUpgradeCheck = 1500;
				TargetAttributes = {
					CAD160312B14AB41000093F9 = {
						CreatedOnToolsVersion = 15.0.1;
					};
					CAD160412B14AB42000093F9 = {
						CreatedOnToolsVersion = 15.0.1;
						TestTargetID = CAD160312B14AB41000093F9;
					};
					CAD1604B2B14AB42000093F9 = {
						CreatedOnToolsVersion = 15.0.1;
						TestTargetID = CAD160312B14AB41000093F9;
					};
				};
			};
			buildConfigurationList = CAD1602D2B14AB41000093F9 /* Build configuration list for PBXProject "thread" */;
			compatibilityVersion = "Xcode 14.0";
			developmentRegion = en;
			hasScannedForEncodings = 0;
			knownRegions = (
				en,
				Base,
			);
			mainGroup = CAD160292B14AB41000093F9;
			packageReferences = (
				CAAA10642B16708A00F17849 /* XCRemoteSwiftPackageReference "firebase-ios-sdk" */,
			);
			productRefGroup = CAD160332B14AB41000093F9 /* Products */;
			projectDirPath = "";
			projectRoot = "";
			targets = (
				CAD160312B14AB41000093F9 /* thread */,
				CAD160412B14AB42000093F9 /* threadTests */,
				CAD1604B2B14AB42000093F9 /* threadUITests */,
			);
		};
/* End PBXProject section */

/* Begin PBXResourcesBuildPhase section */
		CAD160302B14AB41000093F9 /* Resources */ = {
			isa = PBXResourcesBuildPhase;
			buildActionMask = 2147483647;
			files = (
				CAD1603D2B14AB42000093F9 /* Preview Assets.xcassets in Resources */,
				CAD1603A2B14AB42000093F9 /* Assets.xcassets in Resources */,
				CAAA10632B166F4300F17849 /* GoogleService-Info.plist in Resources */,
			);
			runOnlyForDeploymentPostprocessing = 0;
		};
		CAD160402B14AB42000093F9 /* Resources */ = {
			isa = PBXResourcesBuildPhase;
			buildActionMask = 2147483647;
			files = (
			);
			runOnlyForDeploymentPostprocessing = 0;
		};
		CAD1604A2B14AB42000093F9 /* Resources */ = {
			isa = PBXResourcesBuildPhase;
			buildActionMask = 2147483647;
			files = (
			);
			runOnlyForDeploymentPostprocessing = 0;
		};
/* End PBXResourcesBuildPhase section */

/* Begin PBXSourcesBuildPhase section */
		CAD1602E2B14AB41000093F9 /* Sources */ = {
			isa = PBXSourcesBuildPhase;
			buildActionMask = 2147483647;
			files = (
				CAF5785B2B1541150053AFA6 /* ActivityView.swift in Sources */,
				CAAA10712B1674E800F17849 /* RegistrationViewModel.swift in Sources */,
				CA5252FC2B164023000498B5 /* EditProfileView.swift in Sources */,
				CAF578572B1540DE0053AFA6 /* CreateThreadView.swift in Sources */,
				CA688C812B18A02800B5300C /* ContentViewModel.swift in Sources */,
				CAF5784E2B1540290053AFA6 /* FeedView.swift in Sources */,
				CA5252F82B161B66000498B5 /* ProfileThreadFilter.swift in Sources */,
				CAAA10732B16766200F17849 /* AuthService.swift in Sources */,
				CAF578532B1540B30053AFA6 /* ExploreView.swift in Sources */,
				CAF5785F2B15412D0053AFA6 /* ProfileView.swift in Sources */,
				CAD1606F2B14B937000093F9 /* ThreadsButtonModifier.swift in Sources */,
				CAD160692B14AC94000093F9 /* LoginView.swift in Sources */,
				CAF578642B1551C50053AFA6 /* CircularProfileImageView.swift in Sources */,
				CAF578662B1552840053AFA6 /* UserCell.swift in Sources */,
				CAD160382B14AB41000093F9 /* ContentView.swift in Sources */,
				CAF578612B1545A80053AFA6 /* ThreadCell.swift in Sources */,
				CAD1606D2B14B7E5000093F9 /* ThreadsTextFieldModifier.swift in Sources */,
				CAF5784B2B15396E0053AFA6 /* ThreadsTabView.swift in Sources */,
				CAD160362B14AB41000093F9 /* threadApp.swift in Sources */,
				CAD1606B2B14B3AF000093F9 /* RegistrationView.swift in Sources */,
			);
			runOnlyForDeploymentPostprocessing = 0;
		};
		CAD1603E2B14AB42000093F9 /* Sources */ = {
			isa = PBXSourcesBuildPhase;
			buildActionMask = 2147483647;
			files = (
				CAD160472B14AB42000093F9 /* threadTests.swift in Sources */,
			);
			runOnlyForDeploymentPostprocessing = 0;
		};
		CAD160482B14AB42000093F9 /* Sources */ = {
			isa = PBXSourcesBuildPhase;
			buildActionMask = 2147483647;
			files = (
				CAD160532B14AB42000093F9 /* threadUITestsLaunchTests.swift in Sources */,
				CAD160512B14AB42000093F9 /* threadUITests.swift in Sources */,
			);
			runOnlyForDeploymentPostprocessing = 0;
		};
/* End PBXSourcesBuildPhase section */

/* Begin PBXTargetDependency section */
		CAD160442B14AB42000093F9 /* PBXTargetDependency */ = {
			isa = PBXTargetDependency;
			target = CAD160312B14AB41000093F9 /* thread */;
			targetProxy = CAD160432B14AB42000093F9 /* PBXContainerItemProxy */;
		};
		CAD1604E2B14AB42000093F9 /* PBXTargetDependency */ = {
			isa = PBXTargetDependency;
			target = CAD160312B14AB41000093F9 /* thread */;
			targetProxy = CAD1604D2B14AB42000093F9 /* PBXContainerItemProxy */;
		};
/* End PBXTargetDependency section */

/* Begin XCBuildConfiguration section */
		CAD160542B14AB42000093F9 /* Debug */ = {
			isa = XCBuildConfiguration;
			buildSettings = {
				ALWAYS_SEARCH_USER_PATHS = NO;
				ASSETCATALOG_COMPILER_GENERATE_SWIFT_ASSET_SYMBOL_EXTENSIONS = YES;
				CLANG_ANALYZER_NONNULL = YES;
				CLANG_ANALYZER_NUMBER_OBJECT_CONVERSION = YES_AGGRESSIVE;
				CLANG_CXX_LANGUAGE_STANDARD = "gnu++20";
				CLANG_ENABLE_MODULES = YES;
				CLANG_ENABLE_OBJC_ARC = YES;
				CLANG_ENABLE_OBJC_WEAK = YES;
				CLANG_WARN_BLOCK_CAPTURE_AUTORELEASING = YES;
				CLANG_WARN_BOOL_CONVERSION = YES;
				CLANG_WARN_COMMA = YES;
				CLANG_WARN_CONSTANT_CONVERSION = YES;
				CLANG_WARN_DEPRECATED_OBJC_IMPLEMENTATIONS = YES;
				CLANG_WARN_DIRECT_OBJC_ISA_USAGE = YES_ERROR;
				CLANG_WARN_DOCUMENTATION_COMMENTS = YES;
				CLANG_WARN_EMPTY_BODY = YES;
				CLANG_WARN_ENUM_CONVERSION = YES;
				CLANG_WARN_INFINITE_RECURSION = YES;
				CLANG_WARN_INT_CONVERSION = YES;
				CLANG_WARN_NON_LITERAL_NULL_CONVERSION = YES;
				CLANG_WARN_OBJC_IMPLICIT_RETAIN_SELF = YES;
				CLANG_WARN_OBJC_LITERAL_CONVERSION = YES;
				CLANG_WARN_OBJC_ROOT_CLASS = YES_ERROR;
				CLANG_WARN_QUOTED_INCLUDE_IN_FRAMEWORK_HEADER = YES;
				CLANG_WARN_RANGE_LOOP_ANALYSIS = YES;
				CLANG_WARN_STRICT_PROTOTYPES = YES;
				CLANG_WARN_SUSPICIOUS_MOVE = YES;
				CLANG_WARN_UNGUARDED_AVAILABILITY = YES_AGGRESSIVE;
				CLANG_WARN_UNREACHABLE_CODE = YES;
				CLANG_WARN__DUPLICATE_METHOD_MATCH = YES;
				COPY_PHASE_STRIP = NO;
				DEBUG_INFORMATION_FORMAT = dwarf;
				ENABLE_STRICT_OBJC_MSGSEND = YES;
				ENABLE_TESTABILITY = YES;
				ENABLE_USER_SCRIPT_SANDBOXING = YES;
				GCC_C_LANGUAGE_STANDARD = gnu17;
				GCC_DYNAMIC_NO_PIC = NO;
				GCC_NO_COMMON_BLOCKS = YES;
				GCC_OPTIMIZATION_LEVEL = 0;
				GCC_PREPROCESSOR_DEFINITIONS = (
					"DEBUG=1",
					"$(inherited)",
				);
				GCC_WARN_64_TO_32_BIT_CONVERSION = YES;
				GCC_WARN_ABOUT_RETURN_TYPE = YES_ERROR;
				GCC_WARN_UNDECLARED_SELECTOR = YES;
				GCC_WARN_UNINITIALIZED_AUTOS = YES_AGGRESSIVE;
				GCC_WARN_UNUSED_FUNCTION = YES;
				GCC_WARN_UNUSED_VARIABLE = YES;
				IPHONEOS_DEPLOYMENT_TARGET = 17.0;
				LOCALIZATION_PREFERS_STRING_CATALOGS = YES;
				MTL_ENABLE_DEBUG_INFO = INCLUDE_SOURCE;
				MTL_FAST_MATH = YES;
				ONLY_ACTIVE_ARCH = YES;
				SDKROOT = iphoneos;
				SWIFT_ACTIVE_COMPILATION_CONDITIONS = "DEBUG $(inherited)";
				SWIFT_OPTIMIZATION_LEVEL = "-Onone";
			};
			name = Debug;
		};
		CAD160552B14AB42000093F9 /* Release */ = {
			isa = XCBuildConfiguration;
			buildSettings = {
				ALWAYS_SEARCH_USER_PATHS = NO;
				ASSETCATALOG_COMPILER_GENERATE_SWIFT_ASSET_SYMBOL_EXTENSIONS = YES;
				CLANG_ANALYZER_NONNULL = YES;
				CLANG_ANALYZER_NUMBER_OBJECT_CONVERSION = YES_AGGRESSIVE;
				CLANG_CXX_LANGUAGE_STANDARD = "gnu++20";
				CLANG_ENABLE_MODULES = YES;
				CLANG_ENABLE_OBJC_ARC = YES;
				CLANG_ENABLE_OBJC_WEAK = YES;
				CLANG_WARN_BLOCK_CAPTURE_AUTORELEASING = YES;
				CLANG_WARN_BOOL_CONVERSION = YES;
				CLANG_WARN_COMMA = YES;
				CLANG_WARN_CONSTANT_CONVERSION = YES;
				CLANG_WARN_DEPRECATED_OBJC_IMPLEMENTATIONS = YES;
				CLANG_WARN_DIRECT_OBJC_ISA_USAGE = YES_ERROR;
				CLANG_WARN_DOCUMENTATION_COMMENTS = YES;
				CLANG_WARN_EMPTY_BODY = YES;
				CLANG_WARN_ENUM_CONVERSION = YES;
				CLANG_WARN_INFINITE_RECURSION = YES;
				CLANG_WARN_INT_CONVERSION = YES;
				CLANG_WARN_NON_LITERAL_NULL_CONVERSION = YES;
				CLANG_WARN_OBJC_IMPLICIT_RETAIN_SELF = YES;
				CLANG_WARN_OBJC_LITERAL_CONVERSION = YES;
				CLANG_WARN_OBJC_ROOT_CLASS = YES_ERROR;
				CLANG_WARN_QUOTED_INCLUDE_IN_FRAMEWORK_HEADER = YES;
				CLANG_WARN_RANGE_LOOP_ANALYSIS = YES;
				CLANG_WARN_STRICT_PROTOTYPES = YES;
				CLANG_WARN_SUSPICIOUS_MOVE = YES;
				CLANG_WARN_UNGUARDED_AVAILABILITY = YES_AGGRESSIVE;
				CLANG_WARN_UNREACHABLE_CODE = YES;
				CLANG_WARN__DUPLICATE_METHOD_MATCH = YES;
				COPY_PHASE_STRIP = NO;
				DEBUG_INFORMATION_FORMAT = "dwarf-with-dsym";
				ENABLE_NS_ASSERTIONS = NO;
				ENABLE_STRICT_OBJC_MSGSEND = YES;
				ENABLE_USER_SCRIPT_SANDBOXING = YES;
				GCC_C_LANGUAGE_STANDARD = gnu17;
				GCC_NO_COMMON_BLOCKS = YES;
				GCC_WARN_64_TO_32_BIT_CONVERSION = YES;
				GCC_WARN_ABOUT_RETURN_TYPE = YES_ERROR;
				GCC_WARN_UNDECLARED_SELECTOR = YES;
				GCC_WARN_UNINITIALIZED_AUTOS = YES_AGGRESSIVE;
				GCC_WARN_UNUSED_FUNCTION = YES;
				GCC_WARN_UNUSED_VARIABLE = YES;
				IPHONEOS_DEPLOYMENT_TARGET = 17.0;
				LOCALIZATION_PREFERS_STRING_CATALOGS = YES;
				MTL_ENABLE_DEBUG_INFO = NO;
				MTL_FAST_MATH = YES;
				SDKROOT = iphoneos;
				SWIFT_COMPILATION_MODE = wholemodule;
				VALIDATE_PRODUCT = YES;
			};
			name = Release;
		};
		CAD160572B14AB42000093F9 /* Debug */ = {
			isa = XCBuildConfiguration;
			buildSettings = {
				ASSETCATALOG_COMPILER_APPICON_NAME = AppIcon;
				ASSETCATALOG_COMPILER_GLOBAL_ACCENT_COLOR_NAME = AccentColor;
				CODE_SIGN_STYLE = Automatic;
				CURRENT_PROJECT_VERSION = 1;
				DEVELOPMENT_ASSET_PATHS = "\"thread/Preview Content\"";
				DEVELOPMENT_TEAM = DDX45LBBX3;
				ENABLE_PREVIEWS = YES;
				GENERATE_INFOPLIST_FILE = YES;
				INFOPLIST_KEY_UIApplicationSceneManifest_Generation = YES;
				INFOPLIST_KEY_UIApplicationSupportsIndirectInputEvents = YES;
				INFOPLIST_KEY_UILaunchScreen_Generation = YES;
				INFOPLIST_KEY_UISupportedInterfaceOrientations_iPad = "UIInterfaceOrientationPortrait UIInterfaceOrientationPortraitUpsideDown UIInterfaceOrientationLandscapeLeft UIInterfaceOrientationLandscapeRight";
				INFOPLIST_KEY_UISupportedInterfaceOrientations_iPhone = "UIInterfaceOrientationPortrait UIInterfaceOrientationLandscapeLeft UIInterfaceOrientationLandscapeRight";
				LD_RUNPATH_SEARCH_PATHS = (
					"$(inherited)",
					"@executable_path/Frameworks",
				);
				MARKETING_VERSION = 1.0;
				PRODUCT_BUNDLE_IDENTIFIER = com.learn.thread;
				PRODUCT_NAME = "$(TARGET_NAME)";
				SWIFT_EMIT_LOC_STRINGS = YES;
				SWIFT_VERSION = 5.0;
				TARGETED_DEVICE_FAMILY = "1,2";
			};
			name = Debug;
		};
		CAD160582B14AB42000093F9 /* Release */ = {
			isa = XCBuildConfiguration;
			buildSettings = {
				ASSETCATALOG_COMPILER_APPICON_NAME = AppIcon;
				ASSETCATALOG_COMPILER_GLOBAL_ACCENT_COLOR_NAME = AccentColor;
				CODE_SIGN_STYLE = Automatic;
				CURRENT_PROJECT_VERSION = 1;
				DEVELOPMENT_ASSET_PATHS = "\"thread/Preview Content\"";
				DEVELOPMENT_TEAM = DDX45LBBX3;
				ENABLE_PREVIEWS = YES;
				GENERATE_INFOPLIST_FILE = YES;
				INFOPLIST_KEY_UIApplicationSceneManifest_Generation = YES;
				INFOPLIST_KEY_UIApplicationSupportsIndirectInputEvents = YES;
				INFOPLIST_KEY_UILaunchScreen_Generation = YES;
				INFOPLIST_KEY_UISupportedInterfaceOrientations_iPad = "UIInterfaceOrientationPortrait UIInterfaceOrientationPortraitUpsideDown UIInterfaceOrientationLandscapeLeft UIInterfaceOrientationLandscapeRight";
				INFOPLIST_KEY_UISupportedInterfaceOrientations_iPhone = "UIInterfaceOrientationPortrait UIInterfaceOrientationLandscapeLeft UIInterfaceOrientationLandscapeRight";
				LD_RUNPATH_SEARCH_PATHS = (
					"$(inherited)",
					"@executable_path/Frameworks",
				);
				MARKETING_VERSION = 1.0;
				PRODUCT_BUNDLE_IDENTIFIER = com.learn.thread;
				PRODUCT_NAME = "$(TARGET_NAME)";
				SWIFT_EMIT_LOC_STRINGS = YES;
				SWIFT_VERSION = 5.0;
				TARGETED_DEVICE_FAMILY = "1,2";
			};
			name = Release;
		};
		CAD1605A2B14AB42000093F9 /* Debug */ = {
			isa = XCBuildConfiguration;
			buildSettings = {
				ALWAYS_EMBED_SWIFT_STANDARD_LIBRARIES = YES;
				BUNDLE_LOADER = "$(TEST_HOST)";
				CODE_SIGN_STYLE = Automatic;
				CURRENT_PROJECT_VERSION = 1;
				DEVELOPMENT_TEAM = DDX45LBBX3;
				GENERATE_INFOPLIST_FILE = YES;
				IPHONEOS_DEPLOYMENT_TARGET = 17.0;
				MARKETING_VERSION = 1.0;
				PRODUCT_BUNDLE_IDENTIFIER = com.learn.threadTests;
				PRODUCT_NAME = "$(TARGET_NAME)";
				SWIFT_EMIT_LOC_STRINGS = NO;
				SWIFT_VERSION = 5.0;
				TARGETED_DEVICE_FAMILY = "1,2";
				TEST_HOST = "$(BUILT_PRODUCTS_DIR)/thread.app/$(BUNDLE_EXECUTABLE_FOLDER_PATH)/thread";
			};
			name = Debug;
		};
		CAD1605B2B14AB42000093F9 /* Release */ = {
			isa = XCBuildConfiguration;
			buildSettings = {
				ALWAYS_EMBED_SWIFT_STANDARD_LIBRARIES = YES;
				BUNDLE_LOADER = "$(TEST_HOST)";
				CODE_SIGN_STYLE = Automatic;
				CURRENT_PROJECT_VERSION = 1;
				DEVELOPMENT_TEAM = DDX45LBBX3;
				GENERATE_INFOPLIST_FILE = YES;
				IPHONEOS_DEPLOYMENT_TARGET = 17.0;
				MARKETING_VERSION = 1.0;
				PRODUCT_BUNDLE_IDENTIFIER = com.learn.threadTests;
				PRODUCT_NAME = "$(TARGET_NAME)";
				SWIFT_EMIT_LOC_STRINGS = NO;
				SWIFT_VERSION = 5.0;
				TARGETED_DEVICE_FAMILY = "1,2";
				TEST_HOST = "$(BUILT_PRODUCTS_DIR)/thread.app/$(BUNDLE_EXECUTABLE_FOLDER_PATH)/thread";
			};
			name = Release;
		};
		CAD1605D2B14AB42000093F9 /* Debug */ = {
			isa = XCBuildConfiguration;
			buildSettings = {
				ALWAYS_EMBED_SWIFT_STANDARD_LIBRARIES = YES;
				CODE_SIGN_STYLE = Automatic;
				CURRENT_PROJECT_VERSION = 1;
				DEVELOPMENT_TEAM = DDX45LBBX3;
				GENERATE_INFOPLIST_FILE = YES;
				MARKETING_VERSION = 1.0;
				PRODUCT_BUNDLE_IDENTIFIER = com.learn.threadUITests;
				PRODUCT_NAME = "$(TARGET_NAME)";
				SWIFT_EMIT_LOC_STRINGS = NO;
				SWIFT_VERSION = 5.0;
				TARGETED_DEVICE_FAMILY = "1,2";
				TEST_TARGET_NAME = thread;
			};
			name = Debug;
		};
		CAD1605E2B14AB42000093F9 /* Release */ = {
			isa = XCBuildConfiguration;
			buildSettings = {
				ALWAYS_EMBED_SWIFT_STANDARD_LIBRARIES = YES;
				CODE_SIGN_STYLE = Automatic;
				CURRENT_PROJECT_VERSION = 1;
				DEVELOPMENT_TEAM = DDX45LBBX3;
				GENERATE_INFOPLIST_FILE = YES;
				MARKETING_VERSION = 1.0;
				PRODUCT_BUNDLE_IDENTIFIER = com.learn.threadUITests;
				PRODUCT_NAME = "$(TARGET_NAME)";
				SWIFT_EMIT_LOC_STRINGS = NO;
				SWIFT_VERSION = 5.0;
				TARGETED_DEVICE_FAMILY = "1,2";
				TEST_TARGET_NAME = thread;
			};
			name = Release;
		};
/* End XCBuildConfiguration section */

/* Begin XCConfigurationList section */
		CAD1602D2B14AB41000093F9 /* Build configuration list for PBXProject "thread" */ = {
			isa = XCConfigurationList;
			buildConfigurations = (
				CAD160542B14AB42000093F9 /* Debug */,
				CAD160552B14AB42000093F9 /* Release */,
			);
			defaultConfigurationIsVisible = 0;
			defaultConfigurationName = Release;
		};
		CAD160562B14AB42000093F9 /* Build configuration list for PBXNativeTarget "thread" */ = {
			isa = XCConfigurationList;
			buildConfigurations = (
				CAD160572B14AB42000093F9 /* Debug */,
				CAD160582B14AB42000093F9 /* Release */,
			);
			defaultConfigurationIsVisible = 0;
			defaultConfigurationName = Release;
		};
		CAD160592B14AB42000093F9 /* Build configuration list for PBXNativeTarget "threadTests" */ = {
			isa = XCConfigurationList;
			buildConfigurations = (
				CAD1605A2B14AB42000093F9 /* Debug */,
				CAD1605B2B14AB42000093F9 /* Release */,
			);
			defaultConfigurationIsVisible = 0;
			defaultConfigurationName = Release;
		};
		CAD1605C2B14AB42000093F9 /* Build configuration list for PBXNativeTarget "threadUITests" */ = {
			isa = XCConfigurationList;
			buildConfigurations = (
				CAD1605D2B14AB42000093F9 /* Debug */,
				CAD1605E2B14AB42000093F9 /* Release */,
			);
			defaultConfigurationIsVisible = 0;
			defaultConfigurationName = Release;
		};
/* End XCConfigurationList section */

/* Begin XCRemoteSwiftPackageReference section */
		CAAA10642B16708A00F17849 /* XCRemoteSwiftPackageReference "firebase-ios-sdk" */ = {
			isa = XCRemoteSwiftPackageReference;
			repositoryURL = "https://github.com/firebase/firebase-ios-sdk";
			requirement = {
				kind = upToNextMajorVersion;
				minimumVersion = 10.18.0;
			};
		};
/* End XCRemoteSwiftPackageReference section */

/* Begin XCSwiftPackageProductDependency section */
		CAAA10652B16708A00F17849 /* FirebaseAuth */ = {
			isa = XCSwiftPackageProductDependency;
			package = CAAA10642B16708A00F17849 /* XCRemoteSwiftPackageReference "firebase-ios-sdk" */;
			productName = FirebaseAuth;
		};
		CAAA10672B16708A00F17849 /* FirebaseFirestore */ = {
			isa = XCSwiftPackageProductDependency;
			package = CAAA10642B16708A00F17849 /* XCRemoteSwiftPackageReference "firebase-ios-sdk" */;
			productName = FirebaseFirestore;
		};
		CAAA10692B16708A00F17849 /* FirebaseFirestoreSwift */ = {
			isa = XCSwiftPackageProductDependency;
			package = CAAA10642B16708A00F17849 /* XCRemoteSwiftPackageReference "firebase-ios-sdk" */;
			productName = FirebaseFirestoreSwift;
		};
		CAAA106B2B16708A00F17849 /* FirebaseFunctions */ = {
			isa = XCSwiftPackageProductDependency;
			package = CAAA10642B16708A00F17849 /* XCRemoteSwiftPackageReference "firebase-ios-sdk" */;
			productName = FirebaseFunctions;
		};
		CAAA106D2B16708A00F17849 /* FirebaseStorage */ = {
			isa = XCSwiftPackageProductDependency;
			package = CAAA10642B16708A00F17849 /* XCRemoteSwiftPackageReference "firebase-ios-sdk" */;
			productName = FirebaseStorage;
		};
/* End XCSwiftPackageProductDependency section */
	};
	rootObject = CAD1602A2B14AB41000093F9 /* Project object */;
}
